// !$*UTF8*$!
{
	archiveVersion = 1;
	classes = {
	};
	objectVersion = 46;
	objects = {

/* Begin PBXBuildFile section */
		3936F65818C3451E8FA19092 /* libPods.a in Frameworks */ = {isa = PBXBuildFile; fileRef = CEC5E0FB0F624B40999B12B7 /* libPods.a */; };
		EF3EB32A19D72B5A0013D525 /* AppDelegate.swift in Sources */ = {isa = PBXBuildFile; fileRef = EF3EB32919D72B5A0013D525 /* AppDelegate.swift */; };
		EF3EB32C19D72B5A0013D525 /* ViewController.swift in Sources */ = {isa = PBXBuildFile; fileRef = EF3EB32B19D72B5A0013D525 /* ViewController.swift */; };
		EF3EB32F19D72B5A0013D525 /* Main.storyboard in Resources */ = {isa = PBXBuildFile; fileRef = EF3EB32D19D72B5A0013D525 /* Main.storyboard */; };
		EF3EB33119D72B5A0013D525 /* Images.xcassets in Resources */ = {isa = PBXBuildFile; fileRef = EF3EB33019D72B5A0013D525 /* Images.xcassets */; };
		EF3EB33419D72B5A0013D525 /* LaunchScreen.xib in Resources */ = {isa = PBXBuildFile; fileRef = EF3EB33219D72B5A0013D525 /* LaunchScreen.xib */; };
		EF3EB34019D72B5A0013D525 /* TwitterTests.swift in Sources */ = {isa = PBXBuildFile; fileRef = EF3EB33F19D72B5A0013D525 /* TwitterTests.swift */; };
		EF9DF9DB19E25D6700CB95E4 /* sidebarViewController.swift in Sources */ = {isa = PBXBuildFile; fileRef = EF9DF9DA19E25D6700CB95E4 /* sidebarViewController.swift */; };
		EFB34A8219D72C7E00144F51 /* TwitterClient.swift in Sources */ = {isa = PBXBuildFile; fileRef = EFB34A8119D72C7E00144F51 /* TwitterClient.swift */; };
		EFB34A8519D733F300144F51 /* User.swift in Sources */ = {isa = PBXBuildFile; fileRef = EFB34A8419D733F300144F51 /* User.swift */; };
		EFB34A8719D7340800144F51 /* Tweet.swift in Sources */ = {isa = PBXBuildFile; fileRef = EFB34A8619D7340800144F51 /* Tweet.swift */; };
		EFB34A8919D7416100144F51 /* TweetsViewController.swift in Sources */ = {isa = PBXBuildFile; fileRef = EFB34A8819D7416100144F51 /* TweetsViewController.swift */; };
		EFB34A8B19D8663800144F51 /* TweetTableViewCell.swift in Sources */ = {isa = PBXBuildFile; fileRef = EFB34A8A19D8663800144F51 /* TweetTableViewCell.swift */; };
		EFB34A8D19D867D400144F51 /* twitterIcon.png in Resources */ = {isa = PBXBuildFile; fileRef = EFB34A8C19D867D400144F51 /* twitterIcon.png */; };
		EFB34A8F19D8964900144F51 /* TweetDetailViewController.swift in Sources */ = {isa = PBXBuildFile; fileRef = EFB34A8E19D8964900144F51 /* TweetDetailViewController.swift */; };
		EFB34A9119D89FBE00144F51 /* retweetTableViewCell.swift in Sources */ = {isa = PBXBuildFile; fileRef = EFB34A9019D89FBE00144F51 /* retweetTableViewCell.swift */; };
		EFB34A9319D89FC900144F51 /* detailsTableViewCell.swift in Sources */ = {isa = PBXBuildFile; fileRef = EFB34A9219D89FC900144F51 /* detailsTableViewCell.swift */; };
		EFB34A9819D8A15100144F51 /* iconmonstr-arrow-58-icon-32.png in Resources */ = {isa = PBXBuildFile; fileRef = EFB34A9519D8A15100144F51 /* iconmonstr-arrow-58-icon-32.png */; };
		EFB34A9919D8A15100144F51 /* iconmonstr-retweet-icon-32.png in Resources */ = {isa = PBXBuildFile; fileRef = EFB34A9619D8A15100144F51 /* iconmonstr-retweet-icon-32.png */; };
		EFB34A9A19D8A15100144F51 /* iconmonstr-star-5-icon-32.png in Resources */ = {isa = PBXBuildFile; fileRef = EFB34A9719D8A15100144F51 /* iconmonstr-star-5-icon-32.png */; };
		EFC0A8EB19D8D1730094ADBB /* iconmonstr-retweet-icon-32-green.png in Resources */ = {isa = PBXBuildFile; fileRef = EFC0A8E919D8D1730094ADBB /* iconmonstr-retweet-icon-32-green.png */; };
		EFC0A8EC19D8D1730094ADBB /* iconmonstr-star-5-icon-32-gold.png in Resources */ = {isa = PBXBuildFile; fileRef = EFC0A8EA19D8D1730094ADBB /* iconmonstr-star-5-icon-32-gold.png */; };
		EFC0A8F019D8D4DF0094ADBB /* NewTweetViewController.swift in Sources */ = {isa = PBXBuildFile; fileRef = EFC0A8EF19D8D4DF0094ADBB /* NewTweetViewController.swift */; };
/* End PBXBuildFile section */

/* Begin PBXContainerItemProxy section */
		EF3EB33A19D72B5A0013D525 /* PBXContainerItemProxy */ = {
			isa = PBXContainerItemProxy;
			containerPortal = EF3EB31C19D72B5A0013D525 /* Project object */;
			proxyType = 1;
			remoteGlobalIDString = EF3EB32319D72B5A0013D525;
			remoteInfo = Twitter;
		};
/* End PBXContainerItemProxy section */

/* Begin PBXFileReference section */
		AA7CC46FEBD14763AB1B17C6 /* Pods.xcconfig */ = {isa = PBXFileReference; includeInIndex = 1; lastKnownFileType = text.xcconfig; name = Pods.xcconfig; path = Pods/Pods.xcconfig; sourceTree = "<group>"; };
		CEC5E0FB0F624B40999B12B7 /* libPods.a */ = {isa = PBXFileReference; explicitFileType = archive.ar; includeInIndex = 0; path = libPods.a; sourceTree = BUILT_PRODUCTS_DIR; };
		EF3EB32419D72B5A0013D525 /* Twitter.app */ = {isa = PBXFileReference; explicitFileType = wrapper.application; includeInIndex = 0; path = Twitter.app; sourceTree = BUILT_PRODUCTS_DIR; };
		EF3EB32819D72B5A0013D525 /* Info.plist */ = {isa = PBXFileReference; lastKnownFileType = text.plist.xml; path = Info.plist; sourceTree = "<group>"; };
		EF3EB32919D72B5A0013D525 /* AppDelegate.swift */ = {isa = PBXFileReference; lastKnownFileType = sourcecode.swift; path = AppDelegate.swift; sourceTree = "<group>"; };
		EF3EB32B19D72B5A0013D525 /* ViewController.swift */ = {isa = PBXFileReference; lastKnownFileType = sourcecode.swift; path = ViewController.swift; sourceTree = "<group>"; };
		EF3EB32E19D72B5A0013D525 /* Base */ = {isa = PBXFileReference; lastKnownFileType = file.storyboard; name = Base; path = Base.lproj/Main.storyboard; sourceTree = "<group>"; };
		EF3EB33019D72B5A0013D525 /* Images.xcassets */ = {isa = PBXFileReference; lastKnownFileType = folder.assetcatalog; path = Images.xcassets; sourceTree = "<group>"; };
		EF3EB33319D72B5A0013D525 /* Base */ = {isa = PBXFileReference; lastKnownFileType = file.xib; name = Base; path = Base.lproj/LaunchScreen.xib; sourceTree = "<group>"; };
		EF3EB33919D72B5A0013D525 /* TwitterTests.xctest */ = {isa = PBXFileReference; explicitFileType = wrapper.cfbundle; includeInIndex = 0; path = TwitterTests.xctest; sourceTree = BUILT_PRODUCTS_DIR; };
		EF3EB33E19D72B5A0013D525 /* Info.plist */ = {isa = PBXFileReference; lastKnownFileType = text.plist.xml; path = Info.plist; sourceTree = "<group>"; };
		EF3EB33F19D72B5A0013D525 /* TwitterTests.swift */ = {isa = PBXFileReference; lastKnownFileType = sourcecode.swift; path = TwitterTests.swift; sourceTree = "<group>"; };
		EF9DF9DA19E25D6700CB95E4 /* sidebarViewController.swift */ = {isa = PBXFileReference; fileEncoding = 4; lastKnownFileType = sourcecode.swift; path = sidebarViewController.swift; sourceTree = "<group>"; };
		EFB34A7D19D72C0E00144F51 /* Twitter-Bridging-Header.h */ = {isa = PBXFileReference; lastKnownFileType = sourcecode.c.h; path = "Twitter-Bridging-Header.h"; sourceTree = "<group>"; };
		EFB34A8119D72C7E00144F51 /* TwitterClient.swift */ = {isa = PBXFileReference; fileEncoding = 4; lastKnownFileType = sourcecode.swift; path = TwitterClient.swift; sourceTree = "<group>"; };
		EFB34A8419D733F300144F51 /* User.swift */ = {isa = PBXFileReference; fileEncoding = 4; lastKnownFileType = sourcecode.swift; path = User.swift; sourceTree = "<group>"; };
		EFB34A8619D7340800144F51 /* Tweet.swift */ = {isa = PBXFileReference; fileEncoding = 4; lastKnownFileType = sourcecode.swift; path = Tweet.swift; sourceTree = "<group>"; };
		EFB34A8819D7416100144F51 /* TweetsViewController.swift */ = {isa = PBXFileReference; fileEncoding = 4; lastKnownFileType = sourcecode.swift; path = TweetsViewController.swift; sourceTree = "<group>"; };
		EFB34A8A19D8663800144F51 /* TweetTableViewCell.swift */ = {isa = PBXFileReference; fileEncoding = 4; lastKnownFileType = sourcecode.swift; path = TweetTableViewCell.swift; sourceTree = "<group>"; };
		EFB34A8C19D867D400144F51 /* twitterIcon.png */ = {isa = PBXFileReference; lastKnownFileType = image.png; path = twitterIcon.png; sourceTree = "<group>"; };
		EFB34A8E19D8964900144F51 /* TweetDetailViewController.swift */ = {isa = PBXFileReference; fileEncoding = 4; lastKnownFileType = sourcecode.swift; path = TweetDetailViewController.swift; sourceTree = "<group>"; };
		EFB34A9019D89FBE00144F51 /* retweetTableViewCell.swift */ = {isa = PBXFileReference; fileEncoding = 4; lastKnownFileType = sourcecode.swift; path = retweetTableViewCell.swift; sourceTree = "<group>"; };
		EFB34A9219D89FC900144F51 /* detailsTableViewCell.swift */ = {isa = PBXFileReference; fileEncoding = 4; lastKnownFileType = sourcecode.swift; path = detailsTableViewCell.swift; sourceTree = "<group>"; };
		EFB34A9519D8A15100144F51 /* iconmonstr-arrow-58-icon-32.png */ = {isa = PBXFileReference; lastKnownFileType = image.png; path = "iconmonstr-arrow-58-icon-32.png"; sourceTree = "<group>"; };
		EFB34A9619D8A15100144F51 /* iconmonstr-retweet-icon-32.png */ = {isa = PBXFileReference; lastKnownFileType = image.png; path = "iconmonstr-retweet-icon-32.png"; sourceTree = "<group>"; };
		EFB34A9719D8A15100144F51 /* iconmonstr-star-5-icon-32.png */ = {isa = PBXFileReference; lastKnownFileType = image.png; path = "iconmonstr-star-5-icon-32.png"; sourceTree = "<group>"; };
		EFC0A8E919D8D1730094ADBB /* iconmonstr-retweet-icon-32-green.png */ = {isa = PBXFileReference; lastKnownFileType = image.png; path = "iconmonstr-retweet-icon-32-green.png"; sourceTree = "<group>"; };
		EFC0A8EA19D8D1730094ADBB /* iconmonstr-star-5-icon-32-gold.png */ = {isa = PBXFileReference; lastKnownFileType = image.png; path = "iconmonstr-star-5-icon-32-gold.png"; sourceTree = "<group>"; };
		EFC0A8EF19D8D4DF0094ADBB /* NewTweetViewController.swift */ = {isa = PBXFileReference; fileEncoding = 4; lastKnownFileType = sourcecode.swift; path = NewTweetViewController.swift; sourceTree = "<group>"; };
/* End PBXFileReference section */

/* Begin PBXFrameworksBuildPhase section */
		EF3EB32119D72B5A0013D525 /* Frameworks */ = {
			isa = PBXFrameworksBuildPhase;
			buildActionMask = 2147483647;
			files = (
				3936F65818C3451E8FA19092 /* libPods.a in Frameworks */,
			);
			runOnlyForDeploymentPostprocessing = 0;
		};
		EF3EB33619D72B5A0013D525 /* Frameworks */ = {
			isa = PBXFrameworksBuildPhase;
			buildActionMask = 2147483647;
			files = (
			);
			runOnlyForDeploymentPostprocessing = 0;
		};
/* End PBXFrameworksBuildPhase section */

/* Begin PBXGroup section */
		0EA4110E383C4EF48727340D /* Frameworks */ = {
			isa = PBXGroup;
			children = (
				CEC5E0FB0F624B40999B12B7 /* libPods.a */,
			);
			name = Frameworks;
			sourceTree = "<group>";
		};
		EF3EB31B19D72B5A0013D525 = {
			isa = PBXGroup;
			children = (
				EF3EB32619D72B5A0013D525 /* Twitter */,
				EF3EB33C19D72B5A0013D525 /* TwitterTests */,
				EF3EB32519D72B5A0013D525 /* Products */,
				AA7CC46FEBD14763AB1B17C6 /* Pods.xcconfig */,
				0EA4110E383C4EF48727340D /* Frameworks */,
			);
			sourceTree = "<group>";
		};
		EF3EB32519D72B5A0013D525 /* Products */ = {
			isa = PBXGroup;
			children = (
				EF3EB32419D72B5A0013D525 /* Twitter.app */,
				EF3EB33919D72B5A0013D525 /* TwitterTests.xctest */,
			);
			name = Products;
			sourceTree = "<group>";
		};
		EF3EB32619D72B5A0013D525 /* Twitter */ = {
			isa = PBXGroup;
			children = (
				EF3EB32919D72B5A0013D525 /* AppDelegate.swift */,
				EFB34A8019D72C5500144F51 /* API */,
				EF3EB32B19D72B5A0013D525 /* ViewController.swift */,
				EFB34A8819D7416100144F51 /* TweetsViewController.swift */,
				EFB34A8A19D8663800144F51 /* TweetTableViewCell.swift */,
				EF9DF9DA19E25D6700CB95E4 /* sidebarViewController.swift */,
				EFB34A9019D89FBE00144F51 /* retweetTableViewCell.swift */,
				EFB34A9219D89FC900144F51 /* detailsTableViewCell.swift */,
				EFC0A8EF19D8D4DF0094ADBB /* NewTweetViewController.swift */,
				EFB34A8E19D8964900144F51 /* TweetDetailViewController.swift */,
				EFB34A8319D733D300144F51 /* Models */,
				EF3EB32D19D72B5A0013D525 /* Main.storyboard */,
				EF3EB33019D72B5A0013D525 /* Images.xcassets */,
				EFB34A9419D8A14700144F51 /* icons */,
				EF3EB33219D72B5A0013D525 /* LaunchScreen.xib */,
				EF3EB32719D72B5A0013D525 /* Supporting Files */,
				EFB34A7D19D72C0E00144F51 /* Twitter-Bridging-Header.h */,
			);
			path = Twitter;
			sourceTree = "<group>";
		};
		EF3EB32719D72B5A0013D525 /* Supporting Files */ = {
			isa = PBXGroup;
			children = (
				EF3EB32819D72B5A0013D525 /* Info.plist */,
			);
			name = "Supporting Files";
			sourceTree = "<group>";
		};
		EF3EB33C19D72B5A0013D525 /* TwitterTests */ = {
			isa = PBXGroup;
			children = (
				EF3EB33F19D72B5A0013D525 /* TwitterTests.swift */,
				EF3EB33D19D72B5A0013D525 /* Supporting Files */,
			);
			path = TwitterTests;
			sourceTree = "<group>";
		};
		EF3EB33D19D72B5A0013D525 /* Supporting Files */ = {
			isa = PBXGroup;
			children = (
				EF3EB33E19D72B5A0013D525 /* Info.plist */,
			);
			name = "Supporting Files";
			sourceTree = "<group>";
		};
		EFB34A8019D72C5500144F51 /* API */ = {
			isa = PBXGroup;
			children = (
				EFB34A8119D72C7E00144F51 /* TwitterClient.swift */,
			);
			name = API;
			sourceTree = "<group>";
		};
		EFB34A8319D733D300144F51 /* Models */ = {
			isa = PBXGroup;
			children = (
				EFB34A8419D733F300144F51 /* User.swift */,
				EFB34A8619D7340800144F51 /* Tweet.swift */,
			);
			name = Models;
			sourceTree = "<group>";
		};
		EFB34A9419D8A14700144F51 /* icons */ = {
			isa = PBXGroup;
			children = (
				EFC0A8E919D8D1730094ADBB /* iconmonstr-retweet-icon-32-green.png */,
				EFC0A8EA19D8D1730094ADBB /* iconmonstr-star-5-icon-32-gold.png */,
				EFB34A9519D8A15100144F51 /* iconmonstr-arrow-58-icon-32.png */,
				EFB34A9619D8A15100144F51 /* iconmonstr-retweet-icon-32.png */,
				EFB34A9719D8A15100144F51 /* iconmonstr-star-5-icon-32.png */,
				EFB34A8C19D867D400144F51 /* twitterIcon.png */,
			);
			name = icons;
			sourceTree = "<group>";
		};
/* End PBXGroup section */

/* Begin PBXNativeTarget section */
		EF3EB32319D72B5A0013D525 /* Twitter */ = {
			isa = PBXNativeTarget;
			buildConfigurationList = EF3EB34319D72B5A0013D525 /* Build configuration list for PBXNativeTarget "Twitter" */;
			buildPhases = (
				3023F69508484020B0C0ACCD /* Check Pods Manifest.lock */,
				EF3EB32019D72B5A0013D525 /* Sources */,
				EF3EB32119D72B5A0013D525 /* Frameworks */,
				EF3EB32219D72B5A0013D525 /* Resources */,
				8F3F43C5E56B4C53BD59187D /* Copy Pods Resources */,
			);
			buildRules = (
			);
			dependencies = (
			);
			name = Twitter;
			productName = Twitter;
			productReference = EF3EB32419D72B5A0013D525 /* Twitter.app */;
			productType = "com.apple.product-type.application";
		};
		EF3EB33819D72B5A0013D525 /* TwitterTests */ = {
			isa = PBXNativeTarget;
			buildConfigurationList = EF3EB34619D72B5A0013D525 /* Build configuration list for PBXNativeTarget "TwitterTests" */;
			buildPhases = (
				EF3EB33519D72B5A0013D525 /* Sources */,
				EF3EB33619D72B5A0013D525 /* Frameworks */,
				EF3EB33719D72B5A0013D525 /* Resources */,
			);
			buildRules = (
			);
			dependencies = (
				EF3EB33B19D72B5A0013D525 /* PBXTargetDependency */,
			);
			name = TwitterTests;
			productName = TwitterTests;
			productReference = EF3EB33919D72B5A0013D525 /* TwitterTests.xctest */;
			productType = "com.apple.product-type.bundle.unit-test";
		};
/* End PBXNativeTarget section */

/* Begin PBXProject section */
		EF3EB31C19D72B5A0013D525 /* Project object */ = {
			isa = PBXProject;
			attributes = {
				LastUpgradeCheck = 0600;
				ORGANIZATIONNAME = "Scott Woody";
				TargetAttributes = {
					EF3EB32319D72B5A0013D525 = {
						CreatedOnToolsVersion = 6.0;
					};
					EF3EB33819D72B5A0013D525 = {
						CreatedOnToolsVersion = 6.0;
						TestTargetID = EF3EB32319D72B5A0013D525;
					};
				};
			};
			buildConfigurationList = EF3EB31F19D72B5A0013D525 /* Build configuration list for PBXProject "Twitter" */;
			compatibilityVersion = "Xcode 3.2";
			developmentRegion = English;
			hasScannedForEncodings = 0;
			knownRegions = (
				en,
				Base,
			);
			mainGroup = EF3EB31B19D72B5A0013D525;
			productRefGroup = EF3EB32519D72B5A0013D525 /* Products */;
			projectDirPath = "";
			projectRoot = "";
			targets = (
				EF3EB32319D72B5A0013D525 /* Twitter */,
				EF3EB33819D72B5A0013D525 /* TwitterTests */,
			);
		};
/* End PBXProject section */

/* Begin PBXResourcesBuildPhase section */
		EF3EB32219D72B5A0013D525 /* Resources */ = {
			isa = PBXResourcesBuildPhase;
			buildActionMask = 2147483647;
			files = (
				EF3EB32F19D72B5A0013D525 /* Main.storyboard in Resources */,
				EFB34A9A19D8A15100144F51 /* iconmonstr-star-5-icon-32.png in Resources */,
				EFB34A9819D8A15100144F51 /* iconmonstr-arrow-58-icon-32.png in Resources */,
				EFB34A9919D8A15100144F51 /* iconmonstr-retweet-icon-32.png in Resources */,
				EFC0A8EC19D8D1730094ADBB /* iconmonstr-star-5-icon-32-gold.png in Resources */,
				EF3EB33419D72B5A0013D525 /* LaunchScreen.xib in Resources */,
				EFB34A8D19D867D400144F51 /* twitterIcon.png in Resources */,
				EFC0A8EB19D8D1730094ADBB /* iconmonstr-retweet-icon-32-green.png in Resources */,
				EF3EB33119D72B5A0013D525 /* Images.xcassets in Resources */,
			);
			runOnlyForDeploymentPostprocessing = 0;
		};
		EF3EB33719D72B5A0013D525 /* Resources */ = {
			isa = PBXResourcesBuildPhase;
			buildActionMask = 2147483647;
			files = (
			);
			runOnlyForDeploymentPostprocessing = 0;
		};
/* End PBXResourcesBuildPhase section */

/* Begin PBXShellScriptBuildPhase section */
		3023F69508484020B0C0ACCD /* Check Pods Manifest.lock */ = {
			isa = PBXShellScriptBuildPhase;
			buildActionMask = 2147483647;
			files = (
			);
			inputPaths = (
			);
			name = "Check Pods Manifest.lock";
			outputPaths = (
			);
			runOnlyForDeploymentPostprocessing = 0;
			shellPath = /bin/sh;
			shellScript = "diff \"${PODS_ROOT}/../Podfile.lock\" \"${PODS_ROOT}/Manifest.lock\" > /dev/null\nif [[ $? != 0 ]] ; then\n    cat << EOM\nerror: The sandbox is not in sync with the Podfile.lock. Run 'pod install' or update your CocoaPods installation.\nEOM\n    exit 1\nfi\n";
			showEnvVarsInLog = 0;
		};
		8F3F43C5E56B4C53BD59187D /* Copy Pods Resources */ = {
			isa = PBXShellScriptBuildPhase;
			buildActionMask = 2147483647;
			files = (
			);
			inputPaths = (
			);
			name = "Copy Pods Resources";
			outputPaths = (
			);
			runOnlyForDeploymentPostprocessing = 0;
			shellPath = /bin/sh;
			shellScript = "\"${SRCROOT}/Pods/Pods-resources.sh\"\n";
			showEnvVarsInLog = 0;
		};
/* End PBXShellScriptBuildPhase section */

/* Begin PBXSourcesBuildPhase section */
		EF3EB32019D72B5A0013D525 /* Sources */ = {
			isa = PBXSourcesBuildPhase;
			buildActionMask = 2147483647;
			files = (
				EFB34A8519D733F300144F51 /* User.swift in Sources */,
				EF9DF9DB19E25D6700CB95E4 /* sidebarViewController.swift in Sources */,
				EFB34A9119D89FBE00144F51 /* retweetTableViewCell.swift in Sources */,
				EFB34A9319D89FC900144F51 /* detailsTableViewCell.swift in Sources */,
				EFB34A8719D7340800144F51 /* Tweet.swift in Sources */,
				EFB34A8919D7416100144F51 /* TweetsViewController.swift in Sources */,
				EF3EB32C19D72B5A0013D525 /* ViewController.swift in Sources */,
				EFB34A8219D72C7E00144F51 /* TwitterClient.swift in Sources */,
				EFC0A8F019D8D4DF0094ADBB /* NewTweetViewController.swift in Sources */,
				EFB34A8F19D8964900144F51 /* TweetDetailViewController.swift in Sources */,
				EF3EB32A19D72B5A0013D525 /* AppDelegate.swift in Sources */,
				EFB34A8B19D8663800144F51 /* TweetTableViewCell.swift in Sources */,
			);
			runOnlyForDeploymentPostprocessing = 0;
		};
		EF3EB33519D72B5A0013D525 /* Sources */ = {
			isa = PBXSourcesBuildPhase;
			buildActionMask = 2147483647;
			files = (
				EF3EB34019D72B5A0013D525 /* TwitterTests.swift in Sources */,
			);
			runOnlyForDeploymentPostprocessing = 0;
		};
/* End PBXSourcesBuildPhase section */

/* Begin PBXTargetDependency section */
		EF3EB33B19D72B5A0013D525 /* PBXTargetDependency */ = {
			isa = PBXTargetDependency;
			target = EF3EB32319D72B5A0013D525 /* Twitter */;
			targetProxy = EF3EB33A19D72B5A0013D525 /* PBXContainerItemProxy */;
		};
/* End PBXTargetDependency section */

/* Begin PBXVariantGroup section */
		EF3EB32D19D72B5A0013D525 /* Main.storyboard */ = {
			isa = PBXVariantGroup;
			children = (
				EF3EB32E19D72B5A0013D525 /* Base */,
			);
			name = Main.storyboard;
			sourceTree = "<group>";
		};
		EF3EB33219D72B5A0013D525 /* LaunchScreen.xib */ = {
			isa = PBXVariantGroup;
			children = (
				EF3EB33319D72B5A0013D525 /* Base */,
			);
			name = LaunchScreen.xib;
			sourceTree = "<group>";
		};
/* End PBXVariantGroup section */

/* Begin XCBuildConfiguration section */
		EF3EB34119D72B5A0013D525 /* Debug */ = {
			isa = XCBuildConfiguration;
			buildSettings = {
				ALWAYS_SEARCH_USER_PATHS = NO;
				CLANG_CXX_LANGUAGE_STANDARD = "gnu++0x";
				CLANG_CXX_LIBRARY = "libc++";
				CLANG_ENABLE_MODULES = YES;
				CLANG_ENABLE_OBJC_ARC = YES;
				CLANG_WARN_BOOL_CONVERSION = YES;
				CLANG_WARN_CONSTANT_CONVERSION = YES;
				CLANG_WARN_DIRECT_OBJC_ISA_USAGE = YES_ERROR;
				CLANG_WARN_EMPTY_BODY = YES;
				CLANG_WARN_ENUM_CONVERSION = YES;
				CLANG_WARN_INT_CONVERSION = YES;
				CLANG_WARN_OBJC_ROOT_CLASS = YES_ERROR;
				CLANG_WARN_UNREACHABLE_CODE = YES;
				CLANG_WARN__DUPLICATE_METHOD_MATCH = YES;
				"CODE_SIGN_IDENTITY[sdk=iphoneos*]" = "iPhone Developer";
				COPY_PHASE_STRIP = NO;
				ENABLE_STRICT_OBJC_MSGSEND = YES;
				GCC_C_LANGUAGE_STANDARD = gnu99;
				GCC_DYNAMIC_NO_PIC = NO;
				GCC_OPTIMIZATION_LEVEL = 0;
				GCC_PREPROCESSOR_DEFINITIONS = (
					"DEBUG=1",
					"$(inherited)",
				);
				GCC_SYMBOLS_PRIVATE_EXTERN = NO;
				GCC_WARN_64_TO_32_BIT_CONVERSION = YES;
				GCC_WARN_ABOUT_RETURN_TYPE = YES_ERROR;
				GCC_WARN_UNDECLARED_SELECTOR = YES;
				GCC_WARN_UNINITIALIZED_AUTOS = YES_AGGRESSIVE;
				GCC_WARN_UNUSED_FUNCTION = YES;
				GCC_WARN_UNUSED_VARIABLE = YES;
				IPHONEOS_DEPLOYMENT_TARGET = 8.0;
				MTL_ENABLE_DEBUG_INFO = YES;
				ONLY_ACTIVE_ARCH = YES;
				SDKROOT = iphoneos;
				SWIFT_OPTIMIZATION_LEVEL = "-Onone";
			};
			name = Debug;
		};
		EF3EB34219D72B5A0013D525 /* Release */ = {
			isa = XCBuildConfiguration;
			buildSettings = {
				ALWAYS_SEARCH_USER_PATHS = NO;
				CLANG_CXX_LANGUAGE_STANDARD = "gnu++0x";
				CLANG_CXX_LIBRARY = "libc++";
				CLANG_ENABLE_MODULES = YES;
				CLANG_ENABLE_OBJC_ARC = YES;
				CLANG_WARN_BOOL_CONVERSION = YES;
				CLANG_WARN_CONSTANT_CONVERSION = YES;
				CLANG_WARN_DIRECT_OBJC_ISA_USAGE = YES_ERROR;
				CLANG_WARN_EMPTY_BODY = YES;
				CLANG_WARN_ENUM_CONVERSION = YES;
				CLANG_WARN_INT_CONVERSION = YES;
				CLANG_WARN_OBJC_ROOT_CLASS = YES_ERROR;
				CLANG_WARN_UNREACHABLE_CODE = YES;
				CLANG_WARN__DUPLICATE_METHOD_MATCH = YES;
				"CODE_SIGN_IDENTITY[sdk=iphoneos*]" = "iPhone Developer";
				COPY_PHASE_STRIP = YES;
				ENABLE_NS_ASSERTIONS = NO;
				ENABLE_STRICT_OBJC_MSGSEND = YES;
				GCC_C_LANGUAGE_STANDARD = gnu99;
				GCC_WARN_64_TO_32_BIT_CONVERSION = YES;
				GCC_WARN_ABOUT_RETURN_TYPE = YES_ERROR;
				GCC_WARN_UNDECLARED_SELECTOR = YES;
				GCC_WARN_UNINITIALIZED_AUTOS = YES_AGGRESSIVE;
				GCC_WARN_UNUSED_FUNCTION = YES;
				GCC_WARN_UNUSED_VARIABLE = YES;
				IPHONEOS_DEPLOYMENT_TARGET = 8.0;
				MTL_ENABLE_DEBUG_INFO = NO;
				SDKROOT = iphoneos;
				VALIDATE_PRODUCT = YES;
			};
			name = Release;
		};
		EF3EB34419D72B5A0013D525 /* Debug */ = {
			isa = XCBuildConfiguration;
			baseConfigurationReference = AA7CC46FEBD14763AB1B17C6 /* Pods.xcconfig */;
			buildSettings = {
				ASSETCATALOG_COMPILER_APPICON_NAME = AppIcon;
				CLANG_ENABLE_MODULES = YES;
				INFOPLIST_FILE = Twitter/Info.plist;
				LD_RUNPATH_SEARCH_PATHS = "$(inherited) @executable_path/Frameworks";
				PRODUCT_NAME = "$(TARGET_NAME)";
				SWIFT_OBJC_BRIDGING_HEADER = "Twitter/Twitter-Bridging-Header.h";
				SWIFT_OPTIMIZATION_LEVEL = "-Onone";
			};
			name = Debug;
		};
		EF3EB34519D72B5A0013D525 /* Release */ = {
			isa = XCBuildConfiguration;
			baseConfigurationReference = AA7CC46FEBD14763AB1B17C6 /* Pods.xcconfig */;
			buildSettings = {
				ASSETCATALOG_COMPILER_APPICON_NAME = AppIcon;
				CLANG_ENABLE_MODULES = YES;
				INFOPLIST_FILE = Twitter/Info.plist;
				LD_RUNPATH_SEARCH_PATHS = "$(inherited) @executable_path/Frameworks";
				PRODUCT_NAME = "$(TARGET_NAME)";
				SWIFT_OBJC_BRIDGING_HEADER = "Twitter/Twitter-Bridging-Header.h";
			};
			name = Release;
		};
		EF3EB34719D72B5A0013D525 /* Debug */ = {
			isa = XCBuildConfiguration;
			buildSettings = {
				BUNDLE_LOADER = "$(TEST_HOST)";
				FRAMEWORK_SEARCH_PATHS = (
					"$(SDKROOT)/Developer/Library/Frameworks",
					"$(inherited)",
				);
				GCC_PREPROCESSOR_DEFINITIONS = (
					"DEBUG=1",
					"$(inherited)",
				);
				INFOPLIST_FILE = TwitterTests/Info.plist;
				LD_RUNPATH_SEARCH_PATHS = "$(inherited) @executable_path/Frameworks @loader_path/Frameworks";
				PRODUCT_NAME = "$(TARGET_NAME)";
				TEST_HOST = "$(BUILT_PRODUCTS_DIR)/Twitter.app/Twitter";
			};
			name = Debug;
		};
		EF3EB34819D72B5A0013D525 /* Release */ = {
			isa = XCBuildConfiguration;
			buildSettings = {
				BUNDLE_LOADER = "$(TEST_HOST)";
				FRAMEWORK_SEARCH_PATHS = (
					"$(SDKROOT)/Developer/Library/Frameworks",
					"$(inherited)",
				);
				INFOPLIST_FILE = TwitterTests/Info.plist;
				LD_RUNPATH_SEARCH_PATHS = "$(inherited) @executable_path/Frameworks @loader_path/Frameworks";
				PRODUCT_NAME = "$(TARGET_NAME)";
				TEST_HOST = "$(BUILT_PRODUCTS_DIR)/Twitter.app/Twitter";
			};
			name = Release;
		};
/* End XCBuildConfiguration section */

/* Begin XCConfigurationList section */
		EF3EB31F19D72B5A0013D525 /* Build configuration list for PBXProject "Twitter" */ = {
			isa = XCConfigurationList;
			buildConfigurations = (
				EF3EB34119D72B5A0013D525 /* Debug */,
				EF3EB34219D72B5A0013D525 /* Release */,
			);
			defaultConfigurationIsVisible = 0;
			defaultConfigurationName = Release;
		};
		EF3EB34319D72B5A0013D525 /* Build configuration list for PBXNativeTarget "Twitter" */ = {
			isa = XCConfigurationList;
			buildConfigurations = (
				EF3EB34419D72B5A0013D525 /* Debug */,
				EF3EB34519D72B5A0013D525 /* Release */,
			);
			defaultConfigurationIsVisible = 0;
			defaultConfigurationName = Release;
		};
		EF3EB34619D72B5A0013D525 /* Build configuration list for PBXNativeTarget "TwitterTests" */ = {
			isa = XCConfigurationList;
			buildConfigurations = (
				EF3EB34719D72B5A0013D525 /* Debug */,
				EF3EB34819D72B5A0013D525 /* Release */,
			);
			defaultConfigurationIsVisible = 0;
			defaultConfigurationName = Release;
		};
/* End XCConfigurationList section */
	};
	rootObject = EF3EB31C19D72B5A0013D525 /* Project object */;
}
